// !$*UTF8*$!
{
	archiveVersion = 1;
	classes = {
	};
	objectVersion = 46;
	objects = {

/* Begin PBXBuildFile section */
		286545381E43D871003964D0 /* StringTests.swift in Sources */ = {isa = PBXBuildFile; fileRef = 286545371E43D871003964D0 /* StringTests.swift */; };
		2865453B1E43DCFD003964D0 /* String.swift in Sources */ = {isa = PBXBuildFile; fileRef = 2865453A1E43DCFD003964D0 /* String.swift */; };
		2865453E1E450177003964D0 /* CharacterSet.swift in Sources */ = {isa = PBXBuildFile; fileRef = 2865453D1E450177003964D0 /* CharacterSet.swift */; };
		28722C7E1E42496F001AA1DE /* AppDelegate.swift in Sources */ = {isa = PBXBuildFile; fileRef = 28722C7D1E42496F001AA1DE /* AppDelegate.swift */; };
		28722C801E42496F001AA1DE /* ViewController.swift in Sources */ = {isa = PBXBuildFile; fileRef = 28722C7F1E42496F001AA1DE /* ViewController.swift */; };
		28722C831E42496F001AA1DE /* Main.storyboard in Resources */ = {isa = PBXBuildFile; fileRef = 28722C811E42496F001AA1DE /* Main.storyboard */; };
		28722C851E42496F001AA1DE /* Assets.xcassets in Resources */ = {isa = PBXBuildFile; fileRef = 28722C841E42496F001AA1DE /* Assets.xcassets */; };
		28722C881E42496F001AA1DE /* LaunchScreen.storyboard in Resources */ = {isa = PBXBuildFile; fileRef = 28722C861E42496F001AA1DE /* LaunchScreen.storyboard */; };
		28722CA01E4249AA001AA1DE /* UIColor.swift in Sources */ = {isa = PBXBuildFile; fileRef = 28722C9F1E4249AA001AA1DE /* UIColor.swift */; };
		28722CA41E424B61001AA1DE /* ColorTests.swift in Sources */ = {isa = PBXBuildFile; fileRef = 28722CA31E424B61001AA1DE /* ColorTests.swift */; };
/* End PBXBuildFile section */

/* Begin PBXContainerItemProxy section */
		28722C8F1E42496F001AA1DE /* PBXContainerItemProxy */ = {
			isa = PBXContainerItemProxy;
			containerPortal = 28722C721E42496F001AA1DE /* Project object */;
			proxyType = 1;
			remoteGlobalIDString = 28722C791E42496F001AA1DE;
			remoteInfo = Extensions;
		};
/* End PBXContainerItemProxy section */

/* Begin PBXFileReference section */
		286545371E43D871003964D0 /* StringTests.swift */ = {isa = PBXFileReference; fileEncoding = 4; lastKnownFileType = sourcecode.swift; path = StringTests.swift; sourceTree = "<group>"; };
		2865453A1E43DCFD003964D0 /* String.swift */ = {isa = PBXFileReference; fileEncoding = 4; lastKnownFileType = sourcecode.swift; name = String.swift; path = Extensions/String/String.swift; sourceTree = "<group>"; };
		2865453D1E450177003964D0 /* CharacterSet.swift */ = {isa = PBXFileReference; fileEncoding = 4; lastKnownFileType = sourcecode.swift; name = CharacterSet.swift; path = Extensions/CharacterSet/CharacterSet.swift; sourceTree = "<group>"; };
		28722C7A1E42496F001AA1DE /* Extensions.app */ = {isa = PBXFileReference; explicitFileType = wrapper.application; includeInIndex = 0; path = Extensions.app; sourceTree = BUILT_PRODUCTS_DIR; };
		28722C7D1E42496F001AA1DE /* AppDelegate.swift */ = {isa = PBXFileReference; lastKnownFileType = sourcecode.swift; path = AppDelegate.swift; sourceTree = "<group>"; };
		28722C7F1E42496F001AA1DE /* ViewController.swift */ = {isa = PBXFileReference; lastKnownFileType = sourcecode.swift; path = ViewController.swift; sourceTree = "<group>"; };
		28722C821E42496F001AA1DE /* Base */ = {isa = PBXFileReference; lastKnownFileType = file.storyboard; name = Base; path = Base.lproj/Main.storyboard; sourceTree = "<group>"; };
		28722C841E42496F001AA1DE /* Assets.xcassets */ = {isa = PBXFileReference; lastKnownFileType = folder.assetcatalog; path = Assets.xcassets; sourceTree = "<group>"; };
		28722C871E42496F001AA1DE /* Base */ = {isa = PBXFileReference; lastKnownFileType = file.storyboard; name = Base; path = Base.lproj/LaunchScreen.storyboard; sourceTree = "<group>"; };
		28722C891E42496F001AA1DE /* Info.plist */ = {isa = PBXFileReference; lastKnownFileType = text.plist.xml; path = Info.plist; sourceTree = "<group>"; };
		28722C8E1E42496F001AA1DE /* ExtensionsTests.xctest */ = {isa = PBXFileReference; explicitFileType = wrapper.cfbundle; includeInIndex = 0; path = ExtensionsTests.xctest; sourceTree = BUILT_PRODUCTS_DIR; };
		28722C941E42496F001AA1DE /* Info.plist */ = {isa = PBXFileReference; lastKnownFileType = text.plist.xml; path = Info.plist; sourceTree = "<group>"; };
		28722C9F1E4249AA001AA1DE /* UIColor.swift */ = {isa = PBXFileReference; fileEncoding = 4; lastKnownFileType = sourcecode.swift; name = UIColor.swift; path = Extensions/Color/UIColor.swift; sourceTree = "<group>"; };
		28722CA31E424B61001AA1DE /* ColorTests.swift */ = {isa = PBXFileReference; fileEncoding = 4; lastKnownFileType = sourcecode.swift; path = ColorTests.swift; sourceTree = "<group>"; };
/* End PBXFileReference section */

/* Begin PBXFrameworksBuildPhase section */
		28722C771E42496F001AA1DE /* Frameworks */ = {
			isa = PBXFrameworksBuildPhase;
			buildActionMask = 2147483647;
			files = (
			);
			runOnlyForDeploymentPostprocessing = 0;
		};
		28722C8B1E42496F001AA1DE /* Frameworks */ = {
			isa = PBXFrameworksBuildPhase;
			buildActionMask = 2147483647;
			files = (
			);
			runOnlyForDeploymentPostprocessing = 0;
		};
/* End PBXFrameworksBuildPhase section */

/* Begin PBXGroup section */
		286545391E43DCE9003964D0 /* String */ = {
			isa = PBXGroup;
			children = (
				2865453A1E43DCFD003964D0 /* String.swift */,
			);
			name = String;
			sourceTree = "<group>";
		};
		2865453C1E450162003964D0 /* CharacterSet */ = {
			isa = PBXGroup;
			children = (
				2865453D1E450177003964D0 /* CharacterSet.swift */,
			);
			name = CharacterSet;
			sourceTree = "<group>";
		};
		28722C711E42496F001AA1DE = {
			isa = PBXGroup;
			children = (
				28722C7C1E42496F001AA1DE /* Extensions */,
				28722C911E42496F001AA1DE /* ExtensionsTests */,
				28722C7B1E42496F001AA1DE /* Products */,
			);
			sourceTree = "<group>";
		};
		28722C7B1E42496F001AA1DE /* Products */ = {
			isa = PBXGroup;
			children = (
				28722C7A1E42496F001AA1DE /* Extensions.app */,
				28722C8E1E42496F001AA1DE /* ExtensionsTests.xctest */,
			);
			name = Products;
			sourceTree = "<group>";
		};
		28722C7C1E42496F001AA1DE /* Extensions */ = {
			isa = PBXGroup;
			children = (
				2865453C1E450162003964D0 /* CharacterSet */,
				286545391E43DCE9003964D0 /* String */,
				28722C9D1E424986001AA1DE /* Color */,
				28722C7D1E42496F001AA1DE /* AppDelegate.swift */,
				28722C7F1E42496F001AA1DE /* ViewController.swift */,
				28722C811E42496F001AA1DE /* Main.storyboard */,
				28722C841E42496F001AA1DE /* Assets.xcassets */,
				28722C861E42496F001AA1DE /* LaunchScreen.storyboard */,
				28722C891E42496F001AA1DE /* Info.plist */,
			);
			path = Extensions;
			sourceTree = "<group>";
		};
		28722C911E42496F001AA1DE /* ExtensionsTests */ = {
			isa = PBXGroup;
			children = (
				28722C941E42496F001AA1DE /* Info.plist */,
				28722CA31E424B61001AA1DE /* ColorTests.swift */,
				286545371E43D871003964D0 /* StringTests.swift */,
			);
			path = ExtensionsTests;
			sourceTree = "<group>";
		};
		28722C9D1E424986001AA1DE /* Color */ = {
			isa = PBXGroup;
			children = (
				28722C9F1E4249AA001AA1DE /* UIColor.swift */,
			);
			name = Color;
			sourceTree = "<group>";
		};
/* End PBXGroup section */

/* Begin PBXNativeTarget section */
		28722C791E42496F001AA1DE /* Extensions */ = {
			isa = PBXNativeTarget;
			buildConfigurationList = 28722C971E42496F001AA1DE /* Build configuration list for PBXNativeTarget "Extensions" */;
			buildPhases = (
				28722C761E42496F001AA1DE /* Sources */,
				28722C771E42496F001AA1DE /* Frameworks */,
				28722C781E42496F001AA1DE /* Resources */,
			);
			buildRules = (
			);
			dependencies = (
			);
			name = Extensions;
			productName = Extensions;
			productReference = 28722C7A1E42496F001AA1DE /* Extensions.app */;
			productType = "com.apple.product-type.application";
		};
		28722C8D1E42496F001AA1DE /* ExtensionsTests */ = {
			isa = PBXNativeTarget;
			buildConfigurationList = 28722C9A1E42496F001AA1DE /* Build configuration list for PBXNativeTarget "ExtensionsTests" */;
			buildPhases = (
				28722C8A1E42496F001AA1DE /* Sources */,
				28722C8B1E42496F001AA1DE /* Frameworks */,
				28722C8C1E42496F001AA1DE /* Resources */,
			);
			buildRules = (
			);
			dependencies = (
				28722C901E42496F001AA1DE /* PBXTargetDependency */,
			);
			name = ExtensionsTests;
			productName = ExtensionsTests;
			productReference = 28722C8E1E42496F001AA1DE /* ExtensionsTests.xctest */;
			productType = "com.apple.product-type.bundle.unit-test";
		};
/* End PBXNativeTarget section */

/* Begin PBXProject section */
		28722C721E42496F001AA1DE /* Project object */ = {
			isa = PBXProject;
			attributes = {
				LastSwiftUpdateCheck = 0820;
				LastUpgradeCheck = 0820;
				ORGANIZATIONNAME = Markit;
				TargetAttributes = {
					28722C791E42496F001AA1DE = {
						CreatedOnToolsVersion = 8.2;
						DevelopmentTeam = PM8Y4J45MK;
						ProvisioningStyle = Automatic;
					};
					28722C8D1E42496F001AA1DE = {
						CreatedOnToolsVersion = 8.2;
						DevelopmentTeam = PM8Y4J45MK;
						ProvisioningStyle = Automatic;
						TestTargetID = 28722C791E42496F001AA1DE;
					};
				};
			};
			buildConfigurationList = 28722C751E42496F001AA1DE /* Build configuration list for PBXProject "Extensions" */;
			compatibilityVersion = "Xcode 3.2";
			developmentRegion = English;
			hasScannedForEncodings = 0;
			knownRegions = (
				en,
				Base,
			);
			mainGroup = 28722C711E42496F001AA1DE;
			productRefGroup = 28722C7B1E42496F001AA1DE /* Products */;
			projectDirPath = "";
			projectRoot = "";
			targets = (
				28722C791E42496F001AA1DE /* Extensions */,
				28722C8D1E42496F001AA1DE /* ExtensionsTests */,
			);
		};
/* End PBXProject section */

/* Begin PBXResourcesBuildPhase section */
		28722C781E42496F001AA1DE /* Resources */ = {
			isa = PBXResourcesBuildPhase;
			buildActionMask = 2147483647;
			files = (
				28722C881E42496F001AA1DE /* LaunchScreen.storyboard in Resources */,
				28722C851E42496F001AA1DE /* Assets.xcassets in Resources */,
				28722C831E42496F001AA1DE /* Main.storyboard in Resources */,
			);
			runOnlyForDeploymentPostprocessing = 0;
		};
		28722C8C1E42496F001AA1DE /* Resources */ = {
			isa = PBXResourcesBuildPhase;
			buildActionMask = 2147483647;
			files = (
			);
			runOnlyForDeploymentPostprocessing = 0;
		};
/* End PBXResourcesBuildPhase section */

/* Begin PBXSourcesBuildPhase section */
		28722C761E42496F001AA1DE /* Sources */ = {
			isa = PBXSourcesBuildPhase;
			buildActionMask = 2147483647;
			files = (
				28722C801E42496F001AA1DE /* ViewController.swift in Sources */,
				2865453B1E43DCFD003964D0 /* String.swift in Sources */,
				28722CA01E4249AA001AA1DE /* UIColor.swift in Sources */,
				2865453E1E450177003964D0 /* CharacterSet.swift in Sources */,
				28722C7E1E42496F001AA1DE /* AppDelegate.swift in Sources */,
			);
			runOnlyForDeploymentPostprocessing = 0;
		};
		28722C8A1E42496F001AA1DE /* Sources */ = {
			isa = PBXSourcesBuildPhase;
			buildActionMask = 2147483647;
			files = (
				286545381E43D871003964D0 /* StringTests.swift in Sources */,
				28722CA41E424B61001AA1DE /* ColorTests.swift in Sources */,
			);
			runOnlyForDeploymentPostprocessing = 0;
		};
/* End PBXSourcesBuildPhase section */

/* Begin PBXTargetDependency section */
		28722C901E42496F001AA1DE /* PBXTargetDependency */ = {
			isa = PBXTargetDependency;
			target = 28722C791E42496F001AA1DE /* Extensions */;
			targetProxy = 28722C8F1E42496F001AA1DE /* PBXContainerItemProxy */;
		};
/* End PBXTargetDependency section */

/* Begin PBXVariantGroup section */
		28722C811E42496F001AA1DE /* Main.storyboard */ = {
			isa = PBXVariantGroup;
			children = (
				28722C821E42496F001AA1DE /* Base */,
			);
			name = Main.storyboard;
			sourceTree = "<group>";
		};
		28722C861E42496F001AA1DE /* LaunchScreen.storyboard */ = {
			isa = PBXVariantGroup;
			children = (
				28722C871E42496F001AA1DE /* Base */,
			);
			name = LaunchScreen.storyboard;
			sourceTree = "<group>";
		};
/* End PBXVariantGroup section */

/* Begin XCBuildConfiguration section */
		28722C951E42496F001AA1DE /* Debug */ = {
			isa = XCBuildConfiguration;
			buildSettings = {
				ALWAYS_SEARCH_USER_PATHS = NO;
				CLANG_ANALYZER_NONNULL = YES;
				CLANG_CXX_LANGUAGE_STANDARD = "gnu++0x";
				CLANG_CXX_LIBRARY = "libc++";
				CLANG_ENABLE_MODULES = YES;
				CLANG_ENABLE_OBJC_ARC = YES;
				CLANG_WARN_BOOL_CONVERSION = YES;
				CLANG_WARN_CONSTANT_CONVERSION = YES;
				CLANG_WARN_DIRECT_OBJC_ISA_USAGE = YES_ERROR;
				CLANG_WARN_DOCUMENTATION_COMMENTS = YES;
				CLANG_WARN_EMPTY_BODY = YES;
				CLANG_WARN_ENUM_CONVERSION = YES;
				CLANG_WARN_INFINITE_RECURSION = YES;
				CLANG_WARN_INT_CONVERSION = YES;
				CLANG_WARN_OBJC_ROOT_CLASS = YES_ERROR;
				CLANG_WARN_SUSPICIOUS_MOVE = YES;
				CLANG_WARN_UNREACHABLE_CODE = YES;
				CLANG_WARN__DUPLICATE_METHOD_MATCH = YES;
				"CODE_SIGN_IDENTITY[sdk=iphoneos*]" = "iPhone Developer";
				COPY_PHASE_STRIP = NO;
				DEBUG_INFORMATION_FORMAT = dwarf;
				ENABLE_STRICT_OBJC_MSGSEND = YES;
				ENABLE_TESTABILITY = YES;
				GCC_C_LANGUAGE_STANDARD = gnu99;
				GCC_DYNAMIC_NO_PIC = NO;
				GCC_NO_COMMON_BLOCKS = YES;
				GCC_OPTIMIZATION_LEVEL = 0;
				GCC_PREPROCESSOR_DEFINITIONS = (
					"DEBUG=1",
					"$(inherited)",
				);
				GCC_WARN_64_TO_32_BIT_CONVERSION = YES;
				GCC_WARN_ABOUT_RETURN_TYPE = YES_ERROR;
				GCC_WARN_UNDECLARED_SELECTOR = YES;
				GCC_WARN_UNINITIALIZED_AUTOS = YES_AGGRESSIVE;
				GCC_WARN_UNUSED_FUNCTION = YES;
				GCC_WARN_UNUSED_VARIABLE = YES;
				IPHONEOS_DEPLOYMENT_TARGET = 10.2;
				MTL_ENABLE_DEBUG_INFO = YES;
				ONLY_ACTIVE_ARCH = YES;
				SDKROOT = iphoneos;
				SWIFT_ACTIVE_COMPILATION_CONDITIONS = DEBUG;
				SWIFT_OPTIMIZATION_LEVEL = "-Onone";
			};
			name = Debug;
		};
		28722C961E42496F001AA1DE /* Release */ = {
			isa = XCBuildConfiguration;
			buildSettings = {
				ALWAYS_SEARCH_USER_PATHS = NO;
				CLANG_ANALYZER_NONNULL = YES;
				CLANG_CXX_LANGUAGE_STANDARD = "gnu++0x";
				CLANG_CXX_LIBRARY = "libc++";
				CLANG_ENABLE_MODULES = YES;
				CLANG_ENABLE_OBJC_ARC = YES;
				CLANG_WARN_BOOL_CONVERSION = YES;
				CLANG_WARN_CONSTANT_CONVERSION = YES;
				CLANG_WARN_DIRECT_OBJC_ISA_USAGE = YES_ERROR;
				CLANG_WARN_DOCUMENTATION_COMMENTS = YES;
				CLANG_WARN_EMPTY_BODY = YES;
				CLANG_WARN_ENUM_CONVERSION = YES;
				CLANG_WARN_INFINITE_RECURSION = YES;
				CLANG_WARN_INT_CONVERSION = YES;
				CLANG_WARN_OBJC_ROOT_CLASS = YES_ERROR;
				CLANG_WARN_SUSPICIOUS_MOVE = YES;
				CLANG_WARN_UNREACHABLE_CODE = YES;
				CLANG_WARN__DUPLICATE_METHOD_MATCH = YES;
				"CODE_SIGN_IDENTITY[sdk=iphoneos*]" = "iPhone Developer";
				COPY_PHASE_STRIP = NO;
				DEBUG_INFORMATION_FORMAT = "dwarf-with-dsym";
				ENABLE_NS_ASSERTIONS = NO;
				ENABLE_STRICT_OBJC_MSGSEND = YES;
				GCC_C_LANGUAGE_STANDARD = gnu99;
				GCC_NO_COMMON_BLOCKS = YES;
				GCC_WARN_64_TO_32_BIT_CONVERSION = YES;
				GCC_WARN_ABOUT_RETURN_TYPE = YES_ERROR;
				GCC_WARN_UNDECLARED_SELECTOR = YES;
				GCC_WARN_UNINITIALIZED_AUTOS = YES_AGGRESSIVE;
				GCC_WARN_UNUSED_FUNCTION = YES;
				GCC_WARN_UNUSED_VARIABLE = YES;
				IPHONEOS_DEPLOYMENT_TARGET = 10.2;
				MTL_ENABLE_DEBUG_INFO = NO;
				SDKROOT = iphoneos;
				SWIFT_OPTIMIZATION_LEVEL = "-Owholemodule";
				VALIDATE_PRODUCT = YES;
			};
			name = Release;
		};
		28722C981E42496F001AA1DE /* Debug */ = {
			isa = XCBuildConfiguration;
			buildSettings = {
				ASSETCATALOG_COMPILER_APPICON_NAME = AppIcon;
				DEVELOPMENT_TEAM = PM8Y4J45MK;
				INFOPLIST_FILE = Extensions/Info.plist;
				IPHONEOS_DEPLOYMENT_TARGET = 9.3;
				LD_RUNPATH_SEARCH_PATHS = "$(inherited) @executable_path/Frameworks";
				PRODUCT_BUNDLE_IDENTIFIER = com.markit.Extensions;
				PRODUCT_NAME = "$(TARGET_NAME)";
				SWIFT_VERSION = 3.0;
			};
			name = Debug;
		};
		28722C991E42496F001AA1DE /* Release */ = {
			isa = XCBuildConfiguration;
			buildSettings = {
				ASSETCATALOG_COMPILER_APPICON_NAME = AppIcon;
				DEVELOPMENT_TEAM = PM8Y4J45MK;
				INFOPLIST_FILE = Extensions/Info.plist;
				IPHONEOS_DEPLOYMENT_TARGET = 9.3;
				LD_RUNPATH_SEARCH_PATHS = "$(inherited) @executable_path/Frameworks";
				PRODUCT_BUNDLE_IDENTIFIER = com.markit.Extensions;
				PRODUCT_NAME = "$(TARGET_NAME)";
				SWIFT_VERSION = 3.0;
			};
			name = Release;
		};
		28722C9B1E42496F001AA1DE /* Debug */ = {
			isa = XCBuildConfiguration;
			buildSettings = {
				ALWAYS_EMBED_SWIFT_STANDARD_LIBRARIES = YES;
				BUNDLE_LOADER = "$(TEST_HOST)";
				DEVELOPMENT_TEAM = PM8Y4J45MK;
				INFOPLIST_FILE = ExtensionsTests/Info.plist;
				LD_RUNPATH_SEARCH_PATHS = "$(inherited) @executable_path/Frameworks @loader_path/Frameworks";
				PRODUCT_BUNDLE_IDENTIFIER = com.markit.ExtensionsTests;
				PRODUCT_NAME = "$(TARGET_NAME)";
				SWIFT_VERSION = 3.0;
				TEST_HOST = "$(BUILT_PRODUCTS_DIR)/Extensions.app/Extensions";
			};
			name = Debug;
		};
		28722C9C1E42496F001AA1DE /* Release */ = {
			isa = XCBuildConfiguration;
			buildSettings = {
				ALWAYS_EMBED_SWIFT_STANDARD_LIBRARIES = YES;
				BUNDLE_LOADER = "$(TEST_HOST)";
				DEVELOPMENT_TEAM = PM8Y4J45MK;
				INFOPLIST_FILE = ExtensionsTests/Info.plist;
				LD_RUNPATH_SEARCH_PATHS = "$(inherited) @executable_path/Frameworks @loader_path/Frameworks";
				PRODUCT_BUNDLE_IDENTIFIER = com.markit.ExtensionsTests;
				PRODUCT_NAME = "$(TARGET_NAME)";
				SWIFT_VERSION = 3.0;
				TEST_HOST = "$(BUILT_PRODUCTS_DIR)/Extensions.app/Extensions";
			};
			name = Release;
		};
/* End XCBuildConfiguration section */

/* Begin XCConfigurationList section */
		28722C751E42496F001AA1DE /* Build configuration list for PBXProject "Extensions" */ = {
			isa = XCConfigurationList;
			buildConfigurations = (
				28722C951E42496F001AA1DE /* Debug */,
				28722C961E42496F001AA1DE /* Release */,
			);
			defaultConfigurationIsVisible = 0;
			defaultConfigurationName = Release;
		};
		28722C971E42496F001AA1DE /* Build configuration list for PBXNativeTarget "Extensions" */ = {
			isa = XCConfigurationList;
			buildConfigurations = (
				28722C981E42496F001AA1DE /* Debug */,
				28722C991E42496F001AA1DE /* Release */,
			);
			defaultConfigurationIsVisible = 0;
			defaultConfigurationName = Release;
		};
		28722C9A1E42496F001AA1DE /* Build configuration list for PBXNativeTarget "ExtensionsTests" */ = {
			isa = XCConfigurationList;
			buildConfigurations = (
				28722C9B1E42496F001AA1DE /* Debug */,
				28722C9C1E42496F001AA1DE /* Release */,
			);
			defaultConfigurationIsVisible = 0;
			defaultConfigurationName = Release;
		};
/* End XCConfigurationList section */
	};
	rootObject = 28722C721E42496F001AA1DE /* Project object */;
}
